
Microsoft Visual Studio Solution File, Format Version 12.00
# Visual Studio Version 17
VisualStudioVersion = 17.0.31903.59
MinimumVisualStudioVersion = 10.0.40219.1
Project("{2150E333-8FDC-42A3-9474-1A3956D46DE8}") = "Shared", "Shared", "{CA0A86C2-C06E-4ACC-9F98-05246ABE78EA}"
EndProject
Project("{2150E333-8FDC-42A3-9474-1A3956D46DE8}") = "Backend", "Backend", "{82FA3A6C-D188-4DC9-BE19-5EEF2C0A22CA}"
EndProject
Project("{2150E333-8FDC-42A3-9474-1A3956D46DE8}") = "Frontend", "Frontend", "{D4EB0DF1-1E35-4F0E-988A-82564B68905C}"
EndProject
Project("{FAE04EC0-301F-11D3-BF4B-00C04F79EFBC}") = "PA4E4F_ADT_2023241.Client", "PA4E4F_ADT_2023241.Client\PA4E4F_ADT_2023241.Client.csproj", "{D9FB5A68-F4BB-4ED5-9E10-B5ECDC297ECE}"
EndProject
Project("{FAE04EC0-301F-11D3-BF4B-00C04F79EFBC}") = "PA4E4F_ADT_2023241.Endpoint", "PA4E4F_ADT_2023241.Endpoint\PA4E4F_ADT_2023241.Endpoint.csproj", "{FDC3D9A8-F0BC-4198-97BA-E5F43DE27B9A}"
EndProject
Project("{FAE04EC0-301F-11D3-BF4B-00C04F79EFBC}") = "PA4E4F_ADT_2023241.Repository", "PA4E4F_ADT_2023241.Repository\PA4E4F_ADT_2023241.Repository.csproj", "{E2B0BCE8-D682-4E70-AA88-43B9E4568778}"
EndProject
Project("{FAE04EC0-301F-11D3-BF4B-00C04F79EFBC}") = "PA4E4F_ADT_2023241.Logic", "PA4E4F_ADT_2023241.Logic\PA4E4F_ADT_2023241.Logic.csproj", "{9E6C519B-22CA-4085-A2BC-C0BE47ACFBB5}"
EndProject
Project("{FAE04EC0-301F-11D3-BF4B-00C04F79EFBC}") = "PA4E4F_ADT_2023241.Tests", "PA4E4F_ADT_2023241.Tests\PA4E4F_ADT_2023241.Tests.csproj", "{AE7FAA29-AD98-447C-9AAD-821CAC49D1B3}"
EndProject
Project("{FAE04EC0-301F-11D3-BF4B-00C04F79EFBC}") = "PA4E4F_ADT_2023241.Models", "PA4E4F_ADT_2023241.Models\PA4E4F_ADT_2023241.Models.csproj", "{3529A2C2-354A-47D3-8B3F-B2DE34047C44}"
EndProject
Global
	GlobalSection(SolutionConfigurationPlatforms) = preSolution
		Debug|Any CPU = Debug|Any CPU
		Release|Any CPU = Release|Any CPU
	EndGlobalSection
	GlobalSection(ProjectConfigurationPlatforms) = postSolution
		{D9FB5A68-F4BB-4ED5-9E10-B5ECDC297ECE}.Debug|Any CPU.ActiveCfg = Debug|Any CPU
		{D9FB5A68-F4BB-4ED5-9E10-B5ECDC297ECE}.Debug|Any CPU.Build.0 = Debug|Any CPU
		{D9FB5A68-F4BB-4ED5-9E10-B5ECDC297ECE}.Release|Any CPU.ActiveCfg = Release|Any CPU
		{D9FB5A68-F4BB-4ED5-9E10-B5ECDC297ECE}.Release|Any CPU.Build.0 = Release|Any CPU
		{FDC3D9A8-F0BC-4198-97BA-E5F43DE27B9A}.Debug|Any CPU.ActiveCfg = Debug|Any CPU
		{FDC3D9A8-F0BC-4198-97BA-E5F43DE27B9A}.Debug|Any CPU.Build.0 = Debug|Any CPU
		{FDC3D9A8-F0BC-4198-97BA-E5F43DE27B9A}.Release|Any CPU.ActiveCfg = Release|Any CPU
		{FDC3D9A8-F0BC-4198-97BA-E5F43DE27B9A}.Release|Any CPU.Build.0 = Release|Any CPU
		{E2B0BCE8-D682-4E70-AA88-43B9E4568778}.Debug|Any CPU.ActiveCfg = Debug|Any CPU
		{E2B0BCE8-D682-4E70-AA88-43B9E4568778}.Debug|Any CPU.Build.0 = Debug|Any CPU
		{E2B0BCE8-D682-4E70-AA88-43B9E4568778}.Release|Any CPU.ActiveCfg = Release|Any CPU
		{E2B0BCE8-D682-4E70-AA88-43B9E4568778}.Release|Any CPU.Build.0 = Release|Any CPU
		{9E6C519B-22CA-4085-A2BC-C0BE47ACFBB5}.Debug|Any CPU.ActiveCfg = Debug|Any CPU
		{9E6C519B-22CA-4085-A2BC-C0BE47ACFBB5}.Debug|Any CPU.Build.0 = Debug|Any CPU
		{9E6C519B-22CA-4085-A2BC-C0BE47ACFBB5}.Release|Any CPU.ActiveCfg = Release|Any CPU
		{9E6C519B-22CA-4085-A2BC-C0BE47ACFBB5}.Release|Any CPU.Build.0 = Release|Any CPU
		{AE7FAA29-AD98-447C-9AAD-821CAC49D1B3}.Debug|Any CPU.ActiveCfg = Debug|Any CPU
		{AE7FAA29-AD98-447C-9AAD-821CAC49D1B3}.Debug|Any CPU.Build.0 = Debug|Any CPU
		{AE7FAA29-AD98-447C-9AAD-821CAC49D1B3}.Release|Any CPU.ActiveCfg = Release|Any CPU
		{AE7FAA29-AD98-447C-9AAD-821CAC49D1B3}.Release|Any CPU.Build.0 = Release|Any CPU
		{3529A2C2-354A-47D3-8B3F-B2DE34047C44}.Debug|Any CPU.ActiveCfg = Debug|Any CPU
		{3529A2C2-354A-47D3-8B3F-B2DE34047C44}.Debug|Any CPU.Build.0 = Debug|Any CPU
		{3529A2C2-354A-47D3-8B3F-B2DE34047C44}.Release|Any CPU.ActiveCfg = Release|Any CPU
		{3529A2C2-354A-47D3-8B3F-B2DE34047C44}.Release|Any CPU.Build.0 = Release|Any CPU
	EndGlobalSection
	GlobalSection(SolutionProperties) = preSolution
		HideSolutionNode = FALSE
	EndGlobalSection
	GlobalSection(NestedProjects) = preSolution
		{D9FB5A68-F4BB-4ED5-9E10-B5ECDC297ECE} = {D4EB0DF1-1E35-4F0E-988A-82564B68905C}
		{FDC3D9A8-F0BC-4198-97BA-E5F43DE27B9A} = {82FA3A6C-D188-4DC9-BE19-5EEF2C0A22CA}
		{E2B0BCE8-D682-4E70-AA88-43B9E4568778} = {82FA3A6C-D188-4DC9-BE19-5EEF2C0A22CA}
		{9E6C519B-22CA-4085-A2BC-C0BE47ACFBB5} = {82FA3A6C-D188-4DC9-BE19-5EEF2C0A22CA}
		{AE7FAA29-AD98-447C-9AAD-821CAC49D1B3} = {82FA3A6C-D188-4DC9-BE19-5EEF2C0A22CA}
		{3529A2C2-354A-47D3-8B3F-B2DE34047C44} = {CA0A86C2-C06E-4ACC-9F98-05246ABE78EA}
	EndGlobalSection
EndGlobal
